// !$*UTF8*$!
{
	archiveVersion = 1;
	classes = {
	};
	objectVersion = 50;
	objects = {

/* Begin PBXBuildFile section */
		9B0555F722C15FC900A217C6 /* main.swift in Sources */ = {isa = PBXBuildFile; fileRef = 9B0555F622C15FC900A217C6 /* main.swift */; };
		9B3D5C3C22C1612D00100743 /* Address.swift in Sources */ = {isa = PBXBuildFile; fileRef = 9B3D5C3B22C1612D00100743 /* Address.swift */; };
		9B3D5C3E22C1615200100743 /* Enums.swift in Sources */ = {isa = PBXBuildFile; fileRef = 9B3D5C3D22C1615200100743 /* Enums.swift */; };
		9B3D5C4022C1616D00100743 /* Products.swift in Sources */ = {isa = PBXBuildFile; fileRef = 9B3D5C3F22C1616D00100743 /* Products.swift */; };
		9B3D5C4222C1618800100743 /* Utility.swift in Sources */ = {isa = PBXBuildFile; fileRef = 9B3D5C4122C1618800100743 /* Utility.swift */; };
		9B3D5C4422C161A400100743 /* Buyers.swift in Sources */ = {isa = PBXBuildFile; fileRef = 9B3D5C4322C161A400100743 /* Buyers.swift */; };
		9B3D5C4622C161B800100743 /* Sellers.swift in Sources */ = {isa = PBXBuildFile; fileRef = 9B3D5C4522C161B800100743 /* Sellers.swift */; };
		9B3D5C4822C161D300100743 /* Users.swift in Sources */ = {isa = PBXBuildFile; fileRef = 9B3D5C4722C161D300100743 /* Users.swift */; };
		9B3D5C4A22C161F700100743 /* IDisplay.swift in Sources */ = {isa = PBXBuildFile; fileRef = 9B3D5C4922C161F700100743 /* IDisplay.swift */; };
		9B5AB01422C167F80030061D /* IDisplay.swift in Sources */ = {isa = PBXBuildFile; fileRef = 9B5AB01322C167F70030061D /* IDisplay.swift */; };
/* End PBXBuildFile section */

/* Begin PBXCopyFilesBuildPhase section */
		9B0555F122C15FC900A217C6 /* CopyFiles */ = {
			isa = PBXCopyFilesBuildPhase;
			buildActionMask = 2147483647;
			dstPath = /usr/share/man/man1/;
			dstSubfolderSpec = 0;
			files = (
			);
			runOnlyForDeploymentPostprocessing = 1;
		};
/* End PBXCopyFilesBuildPhase section */

/* Begin PBXFileReference section */
		9B0555F322C15FC900A217C6 /* SwiftHappuyLife */ = {isa = PBXFileReference; explicitFileType = "compiled.mach-o.executable"; includeInIndex = 0; path = SwiftHappuyLife; sourceTree = BUILT_PRODUCTS_DIR; };
		9B0555F622C15FC900A217C6 /* main.swift */ = {isa = PBXFileReference; lastKnownFileType = sourcecode.swift; path = main.swift; sourceTree = "<group>"; };
		9B3D5C3B22C1612D00100743 /* Address.swift */ = {isa = PBXFileReference; lastKnownFileType = sourcecode.swift; name = Address.swift; path = ../../../../../../Documents/Address.swift; sourceTree = "<group>"; };
		9B3D5C3D22C1615200100743 /* Enums.swift */ = {isa = PBXFileReference; lastKnownFileType = sourcecode.swift; name = Enums.swift; path = ../../../../../../Documents/Enums.swift; sourceTree = "<group>"; };
		9B3D5C3F22C1616D00100743 /* Products.swift */ = {isa = PBXFileReference; lastKnownFileType = sourcecode.swift; name = Products.swift; path = ../../../../../../Documents/Products.swift; sourceTree = "<group>"; };
		9B3D5C4122C1618800100743 /* Utility.swift */ = {isa = PBXFileReference; lastKnownFileType = sourcecode.swift; name = Utility.swift; path = ../../../../../../Documents/Utility.swift; sourceTree = "<group>"; };
		9B3D5C4322C161A400100743 /* Buyers.swift */ = {isa = PBXFileReference; lastKnownFileType = sourcecode.swift; name = Buyers.swift; path = ../../../../../Documents/Buyers.swift; sourceTree = "<group>"; };
		9B3D5C4522C161B800100743 /* Sellers.swift */ = {isa = PBXFileReference; lastKnownFileType = sourcecode.swift; name = Sellers.swift; path = ../../../../../Documents/Sellers.swift; sourceTree = "<group>"; };
		9B3D5C4722C161D300100743 /* Users.swift */ = {isa = PBXFileReference; lastKnownFileType = sourcecode.swift; name = Users.swift; path = ../../../../../Documents/Users.swift; sourceTree = "<group>"; };
		9B3D5C4922C161F700100743 /* IDisplay.swift */ = {isa = PBXFileReference; lastKnownFileType = sourcecode.swift; name = IDisplay.swift; path = ../../../Documents/IDisplay.swift; sourceTree = "<group>"; };
		9B3D5C4B22C1666E00100743 /* Utility.swift */ = {isa = PBXFileReference; lastKnownFileType = sourcecode.swift; name = Utility.swift; path = ../../../../Documents/Utility.swift; sourceTree = "<group>"; };
		9B5AB01322C167F70030061D /* IDisplay.swift */ = {isa = PBXFileReference; fileEncoding = 4; lastKnownFileType = sourcecode.swift; name = IDisplay.swift; path = SwiftHappuyLife/protocols/IDisplay.swift; sourceTree = SOURCE_ROOT; };
		9B5AB01522C1682B0030061D /* SwiftHappuyLife */ = {isa = PBXFileReference; lastKnownFileType = folder; path = SwiftHappuyLife; sourceTree = "<group>"; };
/* End PBXFileReference section */

/* Begin PBXFrameworksBuildPhase section */
		9B0555F022C15FC900A217C6 /* Frameworks */ = {
			isa = PBXFrameworksBuildPhase;
			buildActionMask = 2147483647;
			files = (
			);
			runOnlyForDeploymentPostprocessing = 0;
		};
/* End PBXFrameworksBuildPhase section */

/* Begin PBXGroup section */
		9B0555EA22C15FC900A217C6 = {
			isa = PBXGroup;
			children = (
				9B5AB01522C1682B0030061D /* SwiftHappuyLife */,
				9B3D5C4B22C1666E00100743 /* Utility.swift */,
				9B0555F522C15FC900A217C6 /* SwiftHappuyLife */,
				9B0555F422C15FC900A217C6 /* Products */,
			);
			sourceTree = "<group>";
		};
		9B0555F422C15FC900A217C6 /* Products */ = {
			isa = PBXGroup;
			children = (
				9B0555F322C15FC900A217C6 /* SwiftHappuyLife */,
			);
			name = Products;
			sourceTree = "<group>";
		};
		9B0555F522C15FC900A217C6 /* SwiftHappuyLife */ = {
			isa = PBXGroup;
			children = (
				9B3D5C3A22C1608700100743 /* utility */,
				9B3D5C3822C1605E00100743 /* users */,
				9B3D5C3722C1604F00100743 /* resources */,
				9B3D5C3622C1603D00100743 /* protocols */,
				9B0555F622C15FC900A217C6 /* main.swift */,
			);
			path = SwiftHappuyLife;
			sourceTree = "<group>";
		};
		9B3D5C3622C1603D00100743 /* protocols */ = {
			isa = PBXGroup;
			children = (
				9B5AB01322C167F70030061D /* IDisplay.swift */,
				9B3D5C4922C161F700100743 /* IDisplay.swift */,
			);
			name = protocols;
			path = ../protocols;
			sourceTree = "<group>";
		};
		9B3D5C3722C1604F00100743 /* resources */ = {
			isa = PBXGroup;
			children = (
			);
			name = resources;
			path = ../protocols/resources;
			sourceTree = "<group>";
		};
		9B3D5C3822C1605E00100743 /* users */ = {
			isa = PBXGroup;
			children = (
				9B3D5C4322C161A400100743 /* Buyers.swift */,
				9B3D5C4522C161B800100743 /* Sellers.swift */,
				9B3D5C4722C161D300100743 /* Users.swift */,
			);
			name = users;
			path = ../protocols/resources/users;
			sourceTree = "<group>";
		};
		9B3D5C3A22C1608700100743 /* utility */ = {
			isa = PBXGroup;
			children = (
				9B3D5C3B22C1612D00100743 /* Address.swift */,
				9B3D5C3D22C1615200100743 /* Enums.swift */,
				9B3D5C3F22C1616D00100743 /* Products.swift */,
				9B3D5C4122C1618800100743 /* Utility.swift */,
			);
			name = utility;
			path = ../protocols/resources/users/utility;
			sourceTree = "<group>";
		};
/* End PBXGroup section */

/* Begin PBXNativeTarget section */
		9B0555F222C15FC900A217C6 /* SwiftHappuyLife */ = {
			isa = PBXNativeTarget;
			buildConfigurationList = 9B0555FA22C15FC900A217C6 /* Build configuration list for PBXNativeTarget "SwiftHappuyLife" */;
			buildPhases = (
				9B0555EF22C15FC900A217C6 /* Sources */,
				9B0555F022C15FC900A217C6 /* Frameworks */,
				9B0555F122C15FC900A217C6 /* CopyFiles */,
			);
			buildRules = (
			);
			dependencies = (
			);
			name = SwiftHappuyLife;
			productName = SwiftHappuyLife;
			productReference = 9B0555F322C15FC900A217C6 /* SwiftHappuyLife */;
			productType = "com.apple.product-type.tool";
		};
/* End PBXNativeTarget section */

/* Begin PBXProject section */
		9B0555EB22C15FC900A217C6 /* Project object */ = {
			isa = PBXProject;
			attributes = {
				LastSwiftUpdateCheck = 1020;
				LastUpgradeCheck = 1020;
				ORGANIZATIONNAME = MacStudent;
				TargetAttributes = {
					9B0555F222C15FC900A217C6 = {
						CreatedOnToolsVersion = 10.2.1;
					};
				};
			};
			buildConfigurationList = 9B0555EE22C15FC900A217C6 /* Build configuration list for PBXProject "SwiftHappuyLife" */;
			compatibilityVersion = "Xcode 9.3";
			developmentRegion = en;
			hasScannedForEncodings = 0;
			knownRegions = (
				en,
			);
			mainGroup = 9B0555EA22C15FC900A217C6;
			productRefGroup = 9B0555F422C15FC900A217C6 /* Products */;
			projectDirPath = "";
			projectRoot = "";
			targets = (
				9B0555F222C15FC900A217C6 /* SwiftHappuyLife */,
			);
		};
/* End PBXProject section */

/* Begin PBXSourcesBuildPhase section */
		9B0555EF22C15FC900A217C6 /* Sources */ = {
			isa = PBXSourcesBuildPhase;
			buildActionMask = 2147483647;
			files = (
				9B3D5C4822C161D300100743 /* Users.swift in Sources */,
				9B3D5C4222C1618800100743 /* Utility.swift in Sources */,
				9B3D5C3C22C1612D00100743 /* Address.swift in Sources */,
				9B3D5C4022C1616D00100743 /* Products.swift in Sources */,
				9B3D5C4622C161B800100743 /* Sellers.swift in Sources */,
				9B3D5C3E22C1615200100743 /* Enums.swift in Sources */,
				9B0555F722C15FC900A217C6 /* main.swift in Sources */,
				9B3D5C4422C161A400100743 /* Buyers.swift in Sources */,
				9B5AB01422C167F80030061D /* IDisplay.swift in Sources */,
				9B3D5C4A22C161F700100743 /* IDisplay.swift in Sources */,
			);
			runOnlyForDeploymentPostprocessing = 0;
		};
/* End PBXSourcesBuildPhase section */

/* Begin XCBuildConfiguration section */
		9B0555F822C15FC900A217C6 /* Debug */ = {
			isa = XCBuildConfiguration;
			buildSettings = {
				ALWAYS_SEARCH_USER_PATHS = NO;
				CLANG_ANALYZER_NONNULL = YES;
				CLANG_ANALYZER_NUMBER_OBJECT_CONVERSION = YES_AGGRESSIVE;
				CLANG_CXX_LANGUAGE_STANDARD = "gnu++14";
				CLANG_CXX_LIBRARY = "libc++";
				CLANG_ENABLE_MODULES = YES;
				CLANG_ENABLE_OBJC_ARC = YES;
				CLANG_ENABLE_OBJC_WEAK = YES;
				CLANG_WARN_BLOCK_CAPTURE_AUTORELEASING = YES;
				CLANG_WARN_BOOL_CONVERSION = YES;
				CLANG_WARN_COMMA = YES;
				CLANG_WARN_CONSTANT_CONVERSION = YES;
				CLANG_WARN_DEPRECATED_OBJC_IMPLEMENTATIONS = YES;
				CLANG_WARN_DIRECT_OBJC_ISA_USAGE = YES_ERROR;
				CLANG_WARN_DOCUMENTATION_COMMENTS = YES;
				CLANG_WARN_EMPTY_BODY = YES;
				CLANG_WARN_ENUM_CONVERSION = YES;
				CLANG_WARN_INFINITE_RECURSION = YES;
				CLANG_WARN_INT_CONVERSION = YES;
				CLANG_WARN_NON_LITERAL_NULL_CONVERSION = YES;
				CLANG_WARN_OBJC_IMPLICIT_RETAIN_SELF = YES;
				CLANG_WARN_OBJC_LITERAL_CONVERSION = YES;
				CLANG_WARN_OBJC_ROOT_CLASS = YES_ERROR;
				CLANG_WARN_RANGE_LOOP_ANALYSIS = YES;
				CLANG_WARN_STRICT_PROTOTYPES = YES;
				CLANG_WARN_SUSPICIOUS_MOVE = YES;
				CLANG_WARN_UNGUARDED_AVAILABILITY = YES_AGGRESSIVE;
				CLANG_WARN_UNREACHABLE_CODE = YES;
				CLANG_WARN__DUPLICATE_METHOD_MATCH = YES;
				CODE_SIGN_IDENTITY = "-";
				COPY_PHASE_STRIP = NO;
				DEBUG_INFORMATION_FORMAT = dwarf;
				ENABLE_STRICT_OBJC_MSGSEND = YES;
				ENABLE_TESTABILITY = YES;
				GCC_C_LANGUAGE_STANDARD = gnu11;
				GCC_DYNAMIC_NO_PIC = NO;
				GCC_NO_COMMON_BLOCKS = YES;
				GCC_OPTIMIZATION_LEVEL = 0;
				GCC_PREPROCESSOR_DEFINITIONS = (
					"DEBUG=1",
					"$(inherited)",
				);
				GCC_WARN_64_TO_32_BIT_CONVERSION = YES;
				GCC_WARN_ABOUT_RETURN_TYPE = YES_ERROR;
				GCC_WARN_UNDECLARED_SELECTOR = YES;
				GCC_WARN_UNINITIALIZED_AUTOS = YES_AGGRESSIVE;
				GCC_WARN_UNUSED_FUNCTION = YES;
				GCC_WARN_UNUSED_VARIABLE = YES;
				MACOSX_DEPLOYMENT_TARGET = 10.14;
				MTL_ENABLE_DEBUG_INFO = INCLUDE_SOURCE;
				MTL_FAST_MATH = YES;
				ONLY_ACTIVE_ARCH = YES;
				SDKROOT = macosx;
				SWIFT_ACTIVE_COMPILATION_CONDITIONS = DEBUG;
				SWIFT_OPTIMIZATION_LEVEL = "-Onone";
			};
			name = Debug;
		};
		9B0555F922C15FC900A217C6 /* Release */ = {
			isa = XCBuildConfiguration;
			buildSettings = {
				ALWAYS_SEARCH_USER_PATHS = NO;
				CLANG_ANALYZER_NONNULL = YES;
				CLANG_ANALYZER_NUMBER_OBJECT_CONVERSION = YES_AGGRESSIVE;
				CLANG_CXX_LANGUAGE_STANDARD = "gnu++14";
				CLANG_CXX_LIBRARY = "libc++";
				CLANG_ENABLE_MODULES = YES;
				CLANG_ENABLE_OBJC_ARC = YES;
				CLANG_ENABLE_OBJC_WEAK = YES;
				CLANG_WARN_BLOCK_CAPTURE_AUTORELEASING = YES;
				CLANG_WARN_BOOL_CONVERSION = YES;
				CLANG_WARN_COMMA = YES;
				CLANG_WARN_CONSTANT_CONVERSION = YES;
				CLANG_WARN_DEPRECATED_OBJC_IMPLEMENTATIONS = YES;
				CLANG_WARN_DIRECT_OBJC_ISA_USAGE = YES_ERROR;
				CLANG_WARN_DOCUMENTATION_COMMENTS = YES;
				CLANG_WARN_EMPTY_BODY = YES;
				CLANG_WARN_ENUM_CONVERSION = YES;
				CLANG_WARN_INFINITE_RECURSION = YES;
				CLANG_WARN_INT_CONVERSION = YES;
				CLANG_WARN_NON_LITERAL_NULL_CONVERSION = YES;
				CLANG_WARN_OBJC_IMPLICIT_RETAIN_SELF = YES;
				CLANG_WARN_OBJC_LITERAL_CONVERSION = YES;
				CLANG_WARN_OBJC_ROOT_CLASS = YES_ERROR;
				CLANG_WARN_RANGE_LOOP_ANALYSIS = YES;
				CLANG_WARN_STRICT_PROTOTYPES = YES;
				CLANG_WARN_SUSPICIOUS_MOVE = YES;
				CLANG_WARN_UNGUARDED_AVAILABILITY = YES_AGGRESSIVE;
				CLANG_WARN_UNREACHABLE_CODE = YES;
				CLANG_WARN__DUPLICATE_METHOD_MATCH = YES;
				CODE_SIGN_IDENTITY = "-";
				COPY_PHASE_STRIP = NO;
				DEBUG_INFORMATION_FORMAT = "dwarf-with-dsym";
				ENABLE_NS_ASSERTIONS = NO;
				ENABLE_STRICT_OBJC_MSGSEND = YES;
				GCC_C_LANGUAGE_STANDARD = gnu11;
				GCC_NO_COMMON_BLOCKS = YES;
				GCC_WARN_64_TO_32_BIT_CONVERSION = YES;
				GCC_WARN_ABOUT_RETURN_TYPE = YES_ERROR;
				GCC_WARN_UNDECLARED_SELECTOR = YES;
				GCC_WARN_UNINITIALIZED_AUTOS = YES_AGGRESSIVE;
				GCC_WARN_UNUSED_FUNCTION = YES;
				GCC_WARN_UNUSED_VARIABLE = YES;
				MACOSX_DEPLOYMENT_TARGET = 10.14;
				MTL_ENABLE_DEBUG_INFO = NO;
				MTL_FAST_MATH = YES;
				SDKROOT = macosx;
				SWIFT_COMPILATION_MODE = wholemodule;
				SWIFT_OPTIMIZATION_LEVEL = "-O";
			};
			name = Release;
		};
		9B0555FB22C15FC900A217C6 /* Debug */ = {
			isa = XCBuildConfiguration;
			buildSettings = {
				CODE_SIGN_STYLE = Automatic;
				PRODUCT_NAME = "$(TARGET_NAME)";
				SWIFT_VERSION = 5.0;
			};
			name = Debug;
		};
		9B0555FC22C15FC900A217C6 /* Release */ = {
			isa = XCBuildConfiguration;
			buildSettings = {
				CODE_SIGN_STYLE = Automatic;
				PRODUCT_NAME = "$(TARGET_NAME)";
				SWIFT_VERSION = 5.0;
			};
			name = Release;
		};
/* End XCBuildConfiguration section */

/* Begin XCConfigurationList section */
		9B0555EE22C15FC900A217C6 /* Build configuration list for PBXProject "SwiftHappuyLife" */ = {
			isa = XCConfigurationList;
			buildConfigurations = (
				9B0555F822C15FC900A217C6 /* Debug */,
				9B0555F922C15FC900A217C6 /* Release */,
			);
			defaultConfigurationIsVisible = 0;
			defaultConfigurationName = Release;
		};
		9B0555FA22C15FC900A217C6 /* Build configuration list for PBXNativeTarget "SwiftHappuyLife" */ = {
			isa = XCConfigurationList;
			buildConfigurations = (
				9B0555FB22C15FC900A217C6 /* Debug */,
				9B0555FC22C15FC900A217C6 /* Release */,
			);
			defaultConfigurationIsVisible = 0;
			defaultConfigurationName = Release;
		};
/* End XCConfigurationList section */
	};
	rootObject = 9B0555EB22C15FC900A217C6 /* Project object */;
}
