// !$*UTF8*$!
{
	archiveVersion = 1;
	classes = {
	};
	objectVersion = 50;
	objects = {

/* Begin PBXBuildFile section */
		9BF7936A22BAE95A00623F94 /* main.swift in Sources */ = {isa = PBXBuildFile; fileRef = 9BF7936922BAE95A00623F94 /* main.swift */; };
		9BF7937622BAEA6400623F94 /* Users.swift in Sources */ = {isa = PBXBuildFile; fileRef = 9BF7937522BAEA6400623F94 /* Users.swift */; };
		9BF7937922BAEA8400623F94 /* Buyers.swift in Sources */ = {isa = PBXBuildFile; fileRef = 9BF7937822BAEA8400623F94 /* Buyers.swift */; };
		9BF7937B22BAEA8E00623F94 /* Sellers.swift in Sources */ = {isa = PBXBuildFile; fileRef = 9BF7937A22BAEA8E00623F94 /* Sellers.swift */; };
		9BF7937D22BAEAAF00623F94 /* Address.swift in Sources */ = {isa = PBXBuildFile; fileRef = 9BF7937C22BAEAAF00623F94 /* Address.swift */; };
		9BF7937F22BAEABB00623F94 /* Enums.swift in Sources */ = {isa = PBXBuildFile; fileRef = 9BF7937E22BAEABB00623F94 /* Enums.swift */; };
		9BF7938322BAEAD900623F94 /* Products.swift in Sources */ = {isa = PBXBuildFile; fileRef = 9BF7938222BAEAD900623F94 /* Products.swift */; };
		9BF7938522BAEAE800623F94 /* Utility.swift in Sources */ = {isa = PBXBuildFile; fileRef = 9BF7938422BAEAE800623F94 /* Utility.swift */; };
		9BF7938722BAEB0600623F94 /* IDisplay.swift in Sources */ = {isa = PBXBuildFile; fileRef = 9BF7938622BAEB0600623F94 /* IDisplay.swift */; };
/* End PBXBuildFile section */

/* Begin PBXCopyFilesBuildPhase section */
		9BF7936422BAE95A00623F94 /* CopyFiles */ = {
			isa = PBXCopyFilesBuildPhase;
			buildActionMask = 2147483647;
			dstPath = /usr/share/man/man1/;
			dstSubfolderSpec = 0;
			files = (
			);
			runOnlyForDeploymentPostprocessing = 1;
		};
/* End PBXCopyFilesBuildPhase section */

/* Begin PBXFileReference section */
		9BB5C59722BC071300D7B8CF /* userlist.json */ = {isa = PBXFileReference; lastKnownFileType = text.json; path = userlist.json; sourceTree = "<group>"; };
		9BF7936622BAE95A00623F94 /* SwiftHappyLife */ = {isa = PBXFileReference; explicitFileType = "compiled.mach-o.executable"; includeInIndex = 0; path = SwiftHappyLife; sourceTree = BUILT_PRODUCTS_DIR; };
		9BF7936922BAE95A00623F94 /* main.swift */ = {isa = PBXFileReference; lastKnownFileType = sourcecode.swift; path = main.swift; sourceTree = "<group>"; };
		9BF7937522BAEA6400623F94 /* Users.swift */ = {isa = PBXFileReference; lastKnownFileType = sourcecode.swift; path = Users.swift; sourceTree = "<group>"; };
		9BF7937822BAEA8400623F94 /* Buyers.swift */ = {isa = PBXFileReference; lastKnownFileType = sourcecode.swift; path = Buyers.swift; sourceTree = "<group>"; };
		9BF7937A22BAEA8E00623F94 /* Sellers.swift */ = {isa = PBXFileReference; lastKnownFileType = sourcecode.swift; path = Sellers.swift; sourceTree = "<group>"; };
		9BF7937C22BAEAAF00623F94 /* Address.swift */ = {isa = PBXFileReference; lastKnownFileType = sourcecode.swift; path = Address.swift; sourceTree = "<group>"; };
		9BF7937E22BAEABB00623F94 /* Enums.swift */ = {isa = PBXFileReference; lastKnownFileType = sourcecode.swift; path = Enums.swift; sourceTree = "<group>"; };
		9BF7938222BAEAD900623F94 /* Products.swift */ = {isa = PBXFileReference; lastKnownFileType = sourcecode.swift; path = Products.swift; sourceTree = "<group>"; };
		9BF7938422BAEAE800623F94 /* Utility.swift */ = {isa = PBXFileReference; lastKnownFileType = sourcecode.swift; path = Utility.swift; sourceTree = "<group>"; };
		9BF7938622BAEB0600623F94 /* IDisplay.swift */ = {isa = PBXFileReference; lastKnownFileType = sourcecode.swift; path = IDisplay.swift; sourceTree = "<group>"; };
/* End PBXFileReference section */

/* Begin PBXFrameworksBuildPhase section */
		9BF7936322BAE95A00623F94 /* Frameworks */ = {
			isa = PBXFrameworksBuildPhase;
			buildActionMask = 2147483647;
			files = (
			);
			runOnlyForDeploymentPostprocessing = 0;
		};
/* End PBXFrameworksBuildPhase section */

/* Begin PBXGroup section */
		9BF7935D22BAE95A00623F94 = {
			isa = PBXGroup;
			children = (
				9BF7936822BAE95A00623F94 /* SwiftHappyLife */,
				9BF7936722BAE95A00623F94 /* Products */,
			);
			sourceTree = "<group>";
		};
		9BF7936722BAE95A00623F94 /* Products */ = {
			isa = PBXGroup;
			children = (
				9BF7936622BAE95A00623F94 /* SwiftHappyLife */,
			);
			name = Products;
			sourceTree = "<group>";
		};
		9BF7936822BAE95A00623F94 /* SwiftHappyLife */ = {
			isa = PBXGroup;
			children = (
				9BF7937222BAEA3300623F94 /* users */,
				9BF7937322BAEA3D00623F94 /* utility */,
				9BF7937422BAEA4600623F94 /* protocols */,
				9BF7936922BAE95A00623F94 /* main.swift */,
				9BB5C59722BC071300D7B8CF /* userlist.json */,
			);
			path = SwiftHappyLife;
			sourceTree = "<group>";
		};
		9BF7937222BAEA3300623F94 /* users */ = {
			isa = PBXGroup;
			children = (
				9BF7937522BAEA6400623F94 /* Users.swift */,
				9BF7937822BAEA8400623F94 /* Buyers.swift */,
				9BF7937A22BAEA8E00623F94 /* Sellers.swift */,
			);
			path = users;
			sourceTree = "<group>";
		};
		9BF7937322BAEA3D00623F94 /* utility */ = {
			isa = PBXGroup;
			children = (
				9BF7937C22BAEAAF00623F94 /* Address.swift */,
				9BF7937E22BAEABB00623F94 /* Enums.swift */,
				9BF7938222BAEAD900623F94 /* Products.swift */,
				9BF7938422BAEAE800623F94 /* Utility.swift */,
			);
			path = utility;
			sourceTree = "<group>";
		};
		9BF7937422BAEA4600623F94 /* protocols */ = {
			isa = PBXGroup;
			children = (
				9BF7938622BAEB0600623F94 /* IDisplay.swift */,
			);
			path = protocols;
			sourceTree = "<group>";
		};
/* End PBXGroup section */

/* Begin PBXNativeTarget section */
		9BF7936522BAE95A00623F94 /* SwiftHappyLife */ = {
			isa = PBXNativeTarget;
			buildConfigurationList = 9BF7936D22BAE95A00623F94 /* Build configuration list for PBXNativeTarget "SwiftHappyLife" */;
			buildPhases = (
				9BF7936222BAE95A00623F94 /* Sources */,
				9BF7936322BAE95A00623F94 /* Frameworks */,
				9BF7936422BAE95A00623F94 /* CopyFiles */,
			);
			buildRules = (
			);
			dependencies = (
			);
			name = SwiftHappyLife;
			productName = SwiftHappyLife;
			productReference = 9BF7936622BAE95A00623F94 /* SwiftHappyLife */;
			productType = "com.apple.product-type.tool";
		};
/* End PBXNativeTarget section */

/* Begin PBXProject section */
		9BF7935E22BAE95A00623F94 /* Project object */ = {
			isa = PBXProject;
			attributes = {
				LastSwiftUpdateCheck = 1020;
				LastUpgradeCheck = 1020;
				ORGANIZATIONNAME = MacStudent;
				TargetAttributes = {
					9BF7936522BAE95A00623F94 = {
						CreatedOnToolsVersion = 10.2.1;
					};
				};
			};
			buildConfigurationList = 9BF7936122BAE95A00623F94 /* Build configuration list for PBXProject "SwiftHappyLife" */;
			compatibilityVersion = "Xcode 9.3";
			developmentRegion = en;
			hasScannedForEncodings = 0;
			knownRegions = (
				en,
			);
			mainGroup = 9BF7935D22BAE95A00623F94;
			productRefGroup = 9BF7936722BAE95A00623F94 /* Products */;
			projectDirPath = "";
			projectRoot = "";
			targets = (
				9BF7936522BAE95A00623F94 /* SwiftHappyLife */,
			);
		};
/* End PBXProject section */

/* Begin PBXSourcesBuildPhase section */
		9BF7936222BAE95A00623F94 /* Sources */ = {
			isa = PBXSourcesBuildPhase;
			buildActionMask = 2147483647;
			files = (
				9BF7937622BAEA6400623F94 /* Users.swift in Sources */,
				9BF7936A22BAE95A00623F94 /* main.swift in Sources */,
				9BF7937B22BAEA8E00623F94 /* Sellers.swift in Sources */,
				9BF7938322BAEAD900623F94 /* Products.swift in Sources */,
				9BF7938522BAEAE800623F94 /* Utility.swift in Sources */,
				9BF7937922BAEA8400623F94 /* Buyers.swift in Sources */,
				9BF7937F22BAEABB00623F94 /* Enums.swift in Sources */,
				9BF7937D22BAEAAF00623F94 /* Address.swift in Sources */,
				9BF7938722BAEB0600623F94 /* IDisplay.swift in Sources */,
			);
			runOnlyForDeploymentPostprocessing = 0;
		};
/* End PBXSourcesBuildPhase section */

/* Begin XCBuildConfiguration section */
		9BF7936B22BAE95A00623F94 /* Debug */ = {
			isa = XCBuildConfiguration;
			buildSettings = {
				ALWAYS_SEARCH_USER_PATHS = NO;
				CLANG_ANALYZER_NONNULL = YES;
				CLANG_ANALYZER_NUMBER_OBJECT_CONVERSION = YES_AGGRESSIVE;
				CLANG_CXX_LANGUAGE_STANDARD = "gnu++14";
				CLANG_CXX_LIBRARY = "libc++";
				CLANG_ENABLE_MODULES = YES;
				CLANG_ENABLE_OBJC_ARC = YES;
				CLANG_ENABLE_OBJC_WEAK = YES;
				CLANG_WARN_BLOCK_CAPTURE_AUTORELEASING = YES;
				CLANG_WARN_BOOL_CONVERSION = YES;
				CLANG_WARN_COMMA = YES;
				CLANG_WARN_CONSTANT_CONVERSION = YES;
				CLANG_WARN_DEPRECATED_OBJC_IMPLEMENTATIONS = YES;
				CLANG_WARN_DIRECT_OBJC_ISA_USAGE = YES_ERROR;
				CLANG_WARN_DOCUMENTATION_COMMENTS = YES;
				CLANG_WARN_EMPTY_BODY = YES;
				CLANG_WARN_ENUM_CONVERSION = YES;
				CLANG_WARN_INFINITE_RECURSION = YES;
				CLANG_WARN_INT_CONVERSION = YES;
				CLANG_WARN_NON_LITERAL_NULL_CONVERSION = YES;
				CLANG_WARN_OBJC_IMPLICIT_RETAIN_SELF = YES;
				CLANG_WARN_OBJC_LITERAL_CONVERSION = YES;
				CLANG_WARN_OBJC_ROOT_CLASS = YES_ERROR;
				CLANG_WARN_RANGE_LOOP_ANALYSIS = YES;
				CLANG_WARN_STRICT_PROTOTYPES = YES;
				CLANG_WARN_SUSPICIOUS_MOVE = YES;
				CLANG_WARN_UNGUARDED_AVAILABILITY = YES_AGGRESSIVE;
				CLANG_WARN_UNREACHABLE_CODE = YES;
				CLANG_WARN__DUPLICATE_METHOD_MATCH = YES;
				CODE_SIGN_IDENTITY = "-";
				COPY_PHASE_STRIP = NO;
				DEBUG_INFORMATION_FORMAT = dwarf;
				ENABLE_STRICT_OBJC_MSGSEND = YES;
				ENABLE_TESTABILITY = YES;
				GCC_C_LANGUAGE_STANDARD = gnu11;
				GCC_DYNAMIC_NO_PIC = NO;
				GCC_NO_COMMON_BLOCKS = YES;
				GCC_OPTIMIZATION_LEVEL = 0;
				GCC_PREPROCESSOR_DEFINITIONS = (
					"DEBUG=1",
					"$(inherited)",
				);
				GCC_WARN_64_TO_32_BIT_CONVERSION = YES;
				GCC_WARN_ABOUT_RETURN_TYPE = YES_ERROR;
				GCC_WARN_UNDECLARED_SELECTOR = YES;
				GCC_WARN_UNINITIALIZED_AUTOS = YES_AGGRESSIVE;
				GCC_WARN_UNUSED_FUNCTION = YES;
				GCC_WARN_UNUSED_VARIABLE = YES;
				MACOSX_DEPLOYMENT_TARGET = 10.14;
				MTL_ENABLE_DEBUG_INFO = INCLUDE_SOURCE;
				MTL_FAST_MATH = YES;
				ONLY_ACTIVE_ARCH = YES;
				SDKROOT = macosx;
				SWIFT_ACTIVE_COMPILATION_CONDITIONS = DEBUG;
				SWIFT_OPTIMIZATION_LEVEL = "-Onone";
			};
			name = Debug;
		};
		9BF7936C22BAE95A00623F94 /* Release */ = {
			isa = XCBuildConfiguration;
			buildSettings = {
				ALWAYS_SEARCH_USER_PATHS = NO;
				CLANG_ANALYZER_NONNULL = YES;
				CLANG_ANALYZER_NUMBER_OBJECT_CONVERSION = YES_AGGRESSIVE;
				CLANG_CXX_LANGUAGE_STANDARD = "gnu++14";
				CLANG_CXX_LIBRARY = "libc++";
				CLANG_ENABLE_MODULES = YES;
				CLANG_ENABLE_OBJC_ARC = YES;
				CLANG_ENABLE_OBJC_WEAK = YES;
				CLANG_WARN_BLOCK_CAPTURE_AUTORELEASING = YES;
				CLANG_WARN_BOOL_CONVERSION = YES;
				CLANG_WARN_COMMA = YES;
				CLANG_WARN_CONSTANT_CONVERSION = YES;
				CLANG_WARN_DEPRECATED_OBJC_IMPLEMENTATIONS = YES;
				CLANG_WARN_DIRECT_OBJC_ISA_USAGE = YES_ERROR;
				CLANG_WARN_DOCUMENTATION_COMMENTS = YES;
				CLANG_WARN_EMPTY_BODY = YES;
				CLANG_WARN_ENUM_CONVERSION = YES;
				CLANG_WARN_INFINITE_RECURSION = YES;
				CLANG_WARN_INT_CONVERSION = YES;
				CLANG_WARN_NON_LITERAL_NULL_CONVERSION = YES;
				CLANG_WARN_OBJC_IMPLICIT_RETAIN_SELF = YES;
				CLANG_WARN_OBJC_LITERAL_CONVERSION = YES;
				CLANG_WARN_OBJC_ROOT_CLASS = YES_ERROR;
				CLANG_WARN_RANGE_LOOP_ANALYSIS = YES;
				CLANG_WARN_STRICT_PROTOTYPES = YES;
				CLANG_WARN_SUSPICIOUS_MOVE = YES;
				CLANG_WARN_UNGUARDED_AVAILABILITY = YES_AGGRESSIVE;
				CLANG_WARN_UNREACHABLE_CODE = YES;
				CLANG_WARN__DUPLICATE_METHOD_MATCH = YES;
				CODE_SIGN_IDENTITY = "-";
				COPY_PHASE_STRIP = NO;
				DEBUG_INFORMATION_FORMAT = "dwarf-with-dsym";
				ENABLE_NS_ASSERTIONS = NO;
				ENABLE_STRICT_OBJC_MSGSEND = YES;
				GCC_C_LANGUAGE_STANDARD = gnu11;
				GCC_NO_COMMON_BLOCKS = YES;
				GCC_WARN_64_TO_32_BIT_CONVERSION = YES;
				GCC_WARN_ABOUT_RETURN_TYPE = YES_ERROR;
				GCC_WARN_UNDECLARED_SELECTOR = YES;
				GCC_WARN_UNINITIALIZED_AUTOS = YES_AGGRESSIVE;
				GCC_WARN_UNUSED_FUNCTION = YES;
				GCC_WARN_UNUSED_VARIABLE = YES;
				MACOSX_DEPLOYMENT_TARGET = 10.14;
				MTL_ENABLE_DEBUG_INFO = NO;
				MTL_FAST_MATH = YES;
				SDKROOT = macosx;
				SWIFT_COMPILATION_MODE = wholemodule;
				SWIFT_OPTIMIZATION_LEVEL = "-O";
			};
			name = Release;
		};
		9BF7936E22BAE95A00623F94 /* Debug */ = {
			isa = XCBuildConfiguration;
			buildSettings = {
				CODE_SIGN_STYLE = Automatic;
				PRODUCT_NAME = "$(TARGET_NAME)";
				SWIFT_VERSION = 5.0;
			};
			name = Debug;
		};
		9BF7936F22BAE95A00623F94 /* Release */ = {
			isa = XCBuildConfiguration;
			buildSettings = {
				CODE_SIGN_STYLE = Automatic;
				PRODUCT_NAME = "$(TARGET_NAME)";
				SWIFT_VERSION = 5.0;
			};
			name = Release;
		};
/* End XCBuildConfiguration section */

/* Begin XCConfigurationList section */
		9BF7936122BAE95A00623F94 /* Build configuration list for PBXProject "SwiftHappyLife" */ = {
			isa = XCConfigurationList;
			buildConfigurations = (
				9BF7936B22BAE95A00623F94 /* Debug */,
				9BF7936C22BAE95A00623F94 /* Release */,
			);
			defaultConfigurationIsVisible = 0;
			defaultConfigurationName = Release;
		};
		9BF7936D22BAE95A00623F94 /* Build configuration list for PBXNativeTarget "SwiftHappyLife" */ = {
			isa = XCConfigurationList;
			buildConfigurations = (
				9BF7936E22BAE95A00623F94 /* Debug */,
				9BF7936F22BAE95A00623F94 /* Release */,
			);
			defaultConfigurationIsVisible = 0;
			defaultConfigurationName = Release;
		};
/* End XCConfigurationList section */
	};
	rootObject = 9BF7935E22BAE95A00623F94 /* Project object */;
}
